
Microsoft Visual Studio Solution File, Format Version 12.00
# Visual Studio Version 17
VisualStudioVersion = 17.0.31903.59
MinimumVisualStudioVersion = 10.0.40219.1
Project("{FAE04EC0-301F-11D3-BF4B-00C04F79EFBC}") = "API", "API\API.csproj", "{CA3F7FC8-B018-4116-9D6A-B154397E57B9}"
EndProject
Project("{FAE04EC0-301F-11D3-BF4B-00C04F79EFBC}") = "Application", "Application\Application.csproj", "{03DA4B57-DDD1-4EBA-9D98-72A3969CF7AD}"
EndProject
Project("{FAE04EC0-301F-11D3-BF4B-00C04F79EFBC}") = "Domain", "Domain\Domain.csproj", "{942A8E85-506D-4894-BBD0-C23C72DE10E1}"
EndProject
Project("{FAE04EC0-301F-11D3-BF4B-00C04F79EFBC}") = "Persistence", "Persistence\Persistence.csproj", "{2B386CD0-8457-4A04-98A6-0B183FC16D95}"
EndProject
Global
	GlobalSection(SolutionConfigurationPlatforms) = preSolution
		Debug|Any CPU = Debug|Any CPU
		Release|Any CPU = Release|Any CPU
	EndGlobalSection
	GlobalSection(SolutionProperties) = preSolution
		HideSolutionNode = FALSE
	EndGlobalSection
	GlobalSection(ProjectConfigurationPlatforms) = postSolution
		{CA3F7FC8-B018-4116-9D6A-B154397E57B9}.Debug|Any CPU.ActiveCfg = Debug|Any CPU
		{CA3F7FC8-B018-4116-9D6A-B154397E57B9}.Debug|Any CPU.Build.0 = Debug|Any CPU
		{CA3F7FC8-B018-4116-9D6A-B154397E57B9}.Release|Any CPU.ActiveCfg = Release|Any CPU
		{CA3F7FC8-B018-4116-9D6A-B154397E57B9}.Release|Any CPU.Build.0 = Release|Any CPU
		{03DA4B57-DDD1-4EBA-9D98-72A3969CF7AD}.Debug|Any CPU.ActiveCfg = Debug|Any CPU
		{03DA4B57-DDD1-4EBA-9D98-72A3969CF7AD}.Debug|Any CPU.Build.0 = Debug|Any CPU
		{03DA4B57-DDD1-4EBA-9D98-72A3969CF7AD}.Release|Any CPU.ActiveCfg = Release|Any CPU
		{03DA4B57-DDD1-4EBA-9D98-72A3969CF7AD}.Release|Any CPU.Build.0 = Release|Any CPU
		{942A8E85-506D-4894-BBD0-C23C72DE10E1}.Debug|Any CPU.ActiveCfg = Debug|Any CPU
		{942A8E85-506D-4894-BBD0-C23C72DE10E1}.Debug|Any CPU.Build.0 = Debug|Any CPU
		{942A8E85-506D-4894-BBD0-C23C72DE10E1}.Release|Any CPU.ActiveCfg = Release|Any CPU
		{942A8E85-506D-4894-BBD0-C23C72DE10E1}.Release|Any CPU.Build.0 = Release|Any CPU
		{2B386CD0-8457-4A04-98A6-0B183FC16D95}.Debug|Any CPU.ActiveCfg = Debug|Any CPU
		{2B386CD0-8457-4A04-98A6-0B183FC16D95}.Debug|Any CPU.Build.0 = Debug|Any CPU
		{2B386CD0-8457-4A04-98A6-0B183FC16D95}.Release|Any CPU.ActiveCfg = Release|Any CPU
		{2B386CD0-8457-4A04-98A6-0B183FC16D95}.Release|Any CPU.Build.0 = Release|Any CPU
	EndGlobalSection
EndGlobal
